// !$*UTF8*$!
{
	archiveVersion = 1;
	classes = {
	};
	objectVersion = 46;
	objects = {

/* Begin PBXBuildFile section */
		4B89E0A01D6EC63B00FA373F /* PPTVFileUpload.framework in Frameworks */ = {isa = PBXBuildFile; fileRef = 4B89E09F1D6EC63B00FA373F /* PPTVFileUpload.framework */; };
		4B8FE8C41D52E18A00D3A986 /* VideoStatusTableViewCell.m in Sources */ = {isa = PBXBuildFile; fileRef = 4B8FE8C21D52E18A00D3A986 /* VideoStatusTableViewCell.m */; };
		4B8FE8C51D52E18A00D3A986 /* VideoStatusTableViewCell.xib in Resources */ = {isa = PBXBuildFile; fileRef = 4B8FE8C31D52E18A00D3A986 /* VideoStatusTableViewCell.xib */; };
		4BA8AE7B1D48579C00581437 /* AppDelegate.m in Sources */ = {isa = PBXBuildFile; fileRef = 4BA8AE7A1D48579C00581437 /* AppDelegate.m */; };
		4BA8AE7E1D48579C00581437 /* ViewController.m in Sources */ = {isa = PBXBuildFile; fileRef = 4BA8AE7D1D48579C00581437 /* ViewController.m */; };
		4BA8AEDA1D48A92600581437 /* main.m in Sources */ = {isa = PBXBuildFile; fileRef = 4BA8AED41D48A92600581437 /* main.m */; };
		4BC758591D48BCAB00E4C5FB /* LaunchScreen.storyboard in Resources */ = {isa = PBXBuildFile; fileRef = 4BA8AEE31D48B4AD00581437 /* LaunchScreen.storyboard */; };
		4BC7585A1D48BCAB00E4C5FB /* Main.storyboard in Resources */ = {isa = PBXBuildFile; fileRef = 4BA8AEE51D48B4AD00581437 /* Main.storyboard */; };
		4BC7585B1D48BCAB00E4C5FB /* Assets.xcassets in Resources */ = {isa = PBXBuildFile; fileRef = 4BA8AECE1D48A92600581437 /* Assets.xcassets */; };
/* End PBXBuildFile section */

/* Begin PBXContainerItemProxy section */
		4B4135F71D5C0FAE00E7154E /* PBXContainerItemProxy */ = {
			isa = PBXContainerItemProxy;
			containerPortal = 4B4135F31D5C0FAE00E7154E /* PPTVFileUpload.xcodeproj */;
			proxyType = 2;
			remoteGlobalIDString = 4B4135441D5C0C8400E7154E;
			remoteInfo = PPTVFileUpload;
		};
/* End PBXContainerItemProxy section */

/* Begin PBXFileReference section */
		4B4135F31D5C0FAE00E7154E /* PPTVFileUpload.xcodeproj */ = {isa = PBXFileReference; lastKnownFileType = "wrapper.pb-project"; name = PPTVFileUpload.xcodeproj; path = PPTVFileUpload/PPTVFileUpload.xcodeproj; sourceTree = "<group>"; };
		4B89E09F1D6EC63B00FA373F /* PPTVFileUpload.framework */ = {isa = PBXFileReference; lastKnownFileType = wrapper.framework; path = PPTVFileUpload.framework; sourceTree = "<group>"; };
		4B8FE8C11D52E18A00D3A986 /* VideoStatusTableViewCell.h */ = {isa = PBXFileReference; fileEncoding = 4; lastKnownFileType = sourcecode.c.h; path = VideoStatusTableViewCell.h; sourceTree = "<group>"; };
		4B8FE8C21D52E18A00D3A986 /* VideoStatusTableViewCell.m */ = {isa = PBXFileReference; fileEncoding = 4; lastKnownFileType = sourcecode.c.objc; path = VideoStatusTableViewCell.m; sourceTree = "<group>"; };
		4B8FE8C31D52E18A00D3A986 /* VideoStatusTableViewCell.xib */ = {isa = PBXFileReference; fileEncoding = 4; lastKnownFileType = file.xib; path = VideoStatusTableViewCell.xib; sourceTree = "<group>"; };
		4BA8AE731D48579C00581437 /* PPUploadFileDemo.app */ = {isa = PBXFileReference; explicitFileType = wrapper.application; includeInIndex = 0; path = PPUploadFileDemo.app; sourceTree = BUILT_PRODUCTS_DIR; };
		4BA8AE791D48579C00581437 /* AppDelegate.h */ = {isa = PBXFileReference; lastKnownFileType = sourcecode.c.h; path = AppDelegate.h; sourceTree = "<group>"; };
		4BA8AE7A1D48579C00581437 /* AppDelegate.m */ = {isa = PBXFileReference; lastKnownFileType = sourcecode.c.objc; path = AppDelegate.m; sourceTree = "<group>"; };
		4BA8AE7C1D48579C00581437 /* ViewController.h */ = {isa = PBXFileReference; lastKnownFileType = sourcecode.c.h; path = ViewController.h; sourceTree = "<group>"; };
		4BA8AE7D1D48579C00581437 /* ViewController.m */ = {isa = PBXFileReference; lastKnownFileType = sourcecode.c.objc; path = ViewController.m; sourceTree = "<group>"; };
		4BA8AECE1D48A92600581437 /* Assets.xcassets */ = {isa = PBXFileReference; lastKnownFileType = folder.assetcatalog; path = Assets.xcassets; sourceTree = "<group>"; };
		4BA8AED31D48A92600581437 /* Info.plist */ = {isa = PBXFileReference; fileEncoding = 4; lastKnownFileType = text.plist.xml; path = Info.plist; sourceTree = "<group>"; };
		4BA8AED41D48A92600581437 /* main.m */ = {isa = PBXFileReference; fileEncoding = 4; lastKnownFileType = sourcecode.c.objc; path = main.m; sourceTree = "<group>"; };
		4BA8AEE41D48B4AD00581437 /* Base */ = {isa = PBXFileReference; lastKnownFileType = file.storyboard; name = Base; path = LaunchScreen.storyboard; sourceTree = "<group>"; };
		4BA8AEE61D48B4AD00581437 /* Base */ = {isa = PBXFileReference; lastKnownFileType = file.storyboard; name = Base; path = Main.storyboard; sourceTree = "<group>"; };
/* End PBXFileReference section */

/* Begin PBXFrameworksBuildPhase section */
		4BA8AE701D48579C00581437 /* Frameworks */ = {
			isa = PBXFrameworksBuildPhase;
			buildActionMask = 2147483647;
			files = (
				4B89E0A01D6EC63B00FA373F /* PPTVFileUpload.framework in Frameworks */,
			);
			runOnlyForDeploymentPostprocessing = 0;
		};
/* End PBXFrameworksBuildPhase section */

/* Begin PBXGroup section */
		4B4135F41D5C0FAE00E7154E /* Products */ = {
			isa = PBXGroup;
			children = (
				4B4135F81D5C0FAE00E7154E /* PPTVFileUpload.framework */,
			);
			name = Products;
			sourceTree = "<group>";
		};
		4BA8AE6A1D48579C00581437 = {
			isa = PBXGroup;
			children = (
				4B4135F31D5C0FAE00E7154E /* PPTVFileUpload.xcodeproj */,
				4BA8AE751D48579C00581437 /* PPUploadFileDemo */,
				4BA8AE741D48579C00581437 /* Products */,
			);
			sourceTree = "<group>";
		};
		4BA8AE741D48579C00581437 /* Products */ = {
			isa = PBXGroup;
			children = (
				4BA8AE731D48579C00581437 /* PPUploadFileDemo.app */,
			);
			name = Products;
			sourceTree = "<group>";
		};
		4BA8AE751D48579C00581437 /* PPUploadFileDemo */ = {
			isa = PBXGroup;
			children = (
				4BA8AE791D48579C00581437 /* AppDelegate.h */,
				4BA8AE7A1D48579C00581437 /* AppDelegate.m */,
				4BA8AE7C1D48579C00581437 /* ViewController.h */,
				4BA8AE7D1D48579C00581437 /* ViewController.m */,
				4B8FE8C11D52E18A00D3A986 /* VideoStatusTableViewCell.h */,
				4B8FE8C21D52E18A00D3A986 /* VideoStatusTableViewCell.m */,
				4B8FE8C31D52E18A00D3A986 /* VideoStatusTableViewCell.xib */,
				4BA8AECD1D48A92600581437 /* Supporting Files */,
			);
			path = PPUploadFileDemo;
			sourceTree = "<group>";
		};
		4BA8AECD1D48A92600581437 /* Supporting Files */ = {
			isa = PBXGroup;
			children = (
				4BA8AEE21D48B4AD00581437 /* Base.lproj */,
				4BA8AECE1D48A92600581437 /* Assets.xcassets */,
				4BA8AED31D48A92600581437 /* Info.plist */,
				4BA8AED41D48A92600581437 /* main.m */,
				4B89E09F1D6EC63B00FA373F /* PPTVFileUpload.framework */,
			);
			path = "Supporting Files";
			sourceTree = "<group>";
		};
		4BA8AEE21D48B4AD00581437 /* Base.lproj */ = {
			isa = PBXGroup;
			children = (
				4BA8AEE31D48B4AD00581437 /* LaunchScreen.storyboard */,
				4BA8AEE51D48B4AD00581437 /* Main.storyboard */,
			);
			path = Base.lproj;
			sourceTree = "<group>";
		};
/* End PBXGroup section */

/* Begin PBXNativeTarget section */
		4BA8AE721D48579C00581437 /* PPUploadFileDemo */ = {
			isa = PBXNativeTarget;
			buildConfigurationList = 4BA8AE8A1D48579C00581437 /* Build configuration list for PBXNativeTarget "PPUploadFileDemo" */;
			buildPhases = (
				4BA8AE6F1D48579C00581437 /* Sources */,
				4BA8AE701D48579C00581437 /* Frameworks */,
				4BA8AE711D48579C00581437 /* Resources */,
			);
			buildRules = (
			);
			dependencies = (
			);
			name = PPUploadFileDemo;
			productName = PPUploadFileDemo;
			productReference = 4BA8AE731D48579C00581437 /* PPUploadFileDemo.app */;
			productType = "com.apple.product-type.application";
		};
/* End PBXNativeTarget section */

/* Begin PBXProject section */
		4BA8AE6B1D48579C00581437 /* Project object */ = {
			isa = PBXProject;
			attributes = {
				LastUpgradeCheck = 0730;
				ORGANIZATIONNAME = bobzhang;
				TargetAttributes = {
					4BA8AE721D48579C00581437 = {
						CreatedOnToolsVersion = 7.3.1;
						DevelopmentTeam = 3U62SP5YP3;
					};
				};
			};
			buildConfigurationList = 4BA8AE6E1D48579C00581437 /* Build configuration list for PBXProject "PPUploadFileDemo" */;
			compatibilityVersion = "Xcode 3.2";
			developmentRegion = English;
			hasScannedForEncodings = 0;
			knownRegions = (
				en,
				Base,
			);
			mainGroup = 4BA8AE6A1D48579C00581437;
			productRefGroup = 4BA8AE741D48579C00581437 /* Products */;
			projectDirPath = "";
			projectReferences = (
				{
					ProductGroup = 4B4135F41D5C0FAE00E7154E /* Products */;
					ProjectRef = 4B4135F31D5C0FAE00E7154E /* PPTVFileUpload.xcodeproj */;
				},
			);
			projectRoot = "";
			targets = (
				4BA8AE721D48579C00581437 /* PPUploadFileDemo */,
			);
		};
/* End PBXProject section */

/* Begin PBXReferenceProxy section */
		4B4135F81D5C0FAE00E7154E /* PPTVFileUpload.framework */ = {
			isa = PBXReferenceProxy;
			fileType = wrapper.cfbundle;
			path = PPTVFileUpload.framework;
			remoteRef = 4B4135F71D5C0FAE00E7154E /* PBXContainerItemProxy */;
			sourceTree = BUILT_PRODUCTS_DIR;
		};
/* End PBXReferenceProxy section */

/* Begin PBXResourcesBuildPhase section */
		4BA8AE711D48579C00581437 /* Resources */ = {
			isa = PBXResourcesBuildPhase;
			buildActionMask = 2147483647;
			files = (
				4BC758591D48BCAB00E4C5FB /* LaunchScreen.storyboard in Resources */,
				4BC7585A1D48BCAB00E4C5FB /* Main.storyboard in Resources */,
				4BC7585B1D48BCAB00E4C5FB /* Assets.xcassets in Resources */,
				4B8FE8C51D52E18A00D3A986 /* VideoStatusTableViewCell.xib in Resources */,
			);
			runOnlyForDeploymentPostprocessing = 0;
		};
/* End PBXResourcesBuildPhase section */

/* Begin PBXSourcesBuildPhase section */
		4BA8AE6F1D48579C00581437 /* Sources */ = {
			isa = PBXSourcesBuildPhase;
			buildActionMask = 2147483647;
			files = (
				4BA8AE7E1D48579C00581437 /* ViewController.m in Sources */,
				4BA8AE7B1D48579C00581437 /* AppDelegate.m in Sources */,
				4B8FE8C41D52E18A00D3A986 /* VideoStatusTableViewCell.m in Sources */,
				4BA8AEDA1D48A92600581437 /* main.m in Sources */,
			);
			runOnlyForDeploymentPostprocessing = 0;
		};
/* End PBXSourcesBuildPhase section */

/* Begin PBXVariantGroup section */
		4BA8AEE31D48B4AD00581437 /* LaunchScreen.storyboard */ = {
			isa = PBXVariantGroup;
			children = (
				4BA8AEE41D48B4AD00581437 /* Base */,
			);
			name = LaunchScreen.storyboard;
			sourceTree = "<group>";
		};
		4BA8AEE51D48B4AD00581437 /* Main.storyboard */ = {
			isa = PBXVariantGroup;
			children = (
				4BA8AEE61D48B4AD00581437 /* Base */,
			);
			name = Main.storyboard;
			sourceTree = "<group>";
		};
/* End PBXVariantGroup section */

/* Begin XCBuildConfiguration section */
		4BA8AE881D48579C00581437 /* Debug */ = {
			isa = XCBuildConfiguration;
			buildSettings = {
				ALWAYS_SEARCH_USER_PATHS = NO;
				CLANG_ANALYZER_NONNULL = YES;
				CLANG_CXX_LANGUAGE_STANDARD = "gnu++0x";
				CLANG_CXX_LIBRARY = "libc++";
				CLANG_ENABLE_MODULES = YES;
				CLANG_ENABLE_OBJC_ARC = YES;
				CLANG_WARN_BOOL_CONVERSION = YES;
				CLANG_WARN_CONSTANT_CONVERSION = YES;
				CLANG_WARN_DIRECT_OBJC_ISA_USAGE = YES_ERROR;
				CLANG_WARN_EMPTY_BODY = YES;
				CLANG_WARN_ENUM_CONVERSION = YES;
				CLANG_WARN_INT_CONVERSION = YES;
				CLANG_WARN_OBJC_ROOT_CLASS = YES_ERROR;
				CLANG_WARN_UNREACHABLE_CODE = YES;
				CLANG_WARN__DUPLICATE_METHOD_MATCH = YES;
				"CODE_SIGN_IDENTITY[sdk=iphoneos*]" = "iPhone Developer";
				COPY_PHASE_STRIP = NO;
				DEBUG_INFORMATION_FORMAT = dwarf;
				ENABLE_STRICT_OBJC_MSGSEND = YES;
				ENABLE_TESTABILITY = YES;
				GCC_C_LANGUAGE_STANDARD = gnu99;
				GCC_DYNAMIC_NO_PIC = NO;
				GCC_NO_COMMON_BLOCKS = YES;
				GCC_OPTIMIZATION_LEVEL = 0;
				GCC_PREPROCESSOR_DEFINITIONS = (
					"DEBUG=1",
					"$(inherited)",
				);
				GCC_WARN_64_TO_32_BIT_CONVERSION = YES;
				GCC_WARN_ABOUT_RETURN_TYPE = YES_ERROR;
				GCC_WARN_UNDECLARED_SELECTOR = YES;
				GCC_WARN_UNINITIALIZED_AUTOS = YES_AGGRESSIVE;
				GCC_WARN_UNUSED_FUNCTION = YES;
				GCC_WARN_UNUSED_VARIABLE = YES;
				IPHONEOS_DEPLOYMENT_TARGET = 9.3;
				MTL_ENABLE_DEBUG_INFO = YES;
				ONLY_ACTIVE_ARCH = YES;
				SDKROOT = iphoneos;
				TARGETED_DEVICE_FAMILY = "1,2";
			};
			name = Debug;
		};
		4BA8AE891D48579C00581437 /* Release */ = {
			isa = XCBuildConfiguration;
			buildSettings = {
				ALWAYS_SEARCH_USER_PATHS = NO;
				CLANG_ANALYZER_NONNULL = YES;
				CLANG_CXX_LANGUAGE_STANDARD = "gnu++0x";
				CLANG_CXX_LIBRARY = "libc++";
				CLANG_ENABLE_MODULES = YES;
				CLANG_ENABLE_OBJC_ARC = YES;
				CLANG_WARN_BOOL_CONVERSION = YES;
				CLANG_WARN_CONSTANT_CONVERSION = YES;
				CLANG_WARN_DIRECT_OBJC_ISA_USAGE = YES_ERROR;
				CLANG_WARN_EMPTY_BODY = YES;
				CLANG_WARN_ENUM_CONVERSION = YES;
				CLANG_WARN_INT_CONVERSION = YES;
				CLANG_WARN_OBJC_ROOT_CLASS = YES_ERROR;
				CLANG_WARN_UNREACHABLE_CODE = YES;
				CLANG_WARN__DUPLICATE_METHOD_MATCH = YES;
				"CODE_SIGN_IDENTITY[sdk=iphoneos*]" = "iPhone Developer";
				COPY_PHASE_STRIP = NO;
				DEBUG_INFORMATION_FORMAT = "dwarf-with-dsym";
				ENABLE_NS_ASSERTIONS = NO;
				ENABLE_STRICT_OBJC_MSGSEND = YES;
				GCC_C_LANGUAGE_STANDARD = gnu99;
				GCC_NO_COMMON_BLOCKS = YES;
				GCC_WARN_64_TO_32_BIT_CONVERSION = YES;
				GCC_WARN_ABOUT_RETURN_TYPE = YES_ERROR;
				GCC_WARN_UNDECLARED_SELECTOR = YES;
				GCC_WARN_UNINITIALIZED_AUTOS = YES_AGGRESSIVE;
				GCC_WARN_UNUSED_FUNCTION = YES;
				GCC_WARN_UNUSED_VARIABLE = YES;
				IPHONEOS_DEPLOYMENT_TARGET = 9.3;
				MTL_ENABLE_DEBUG_INFO = NO;
				SDKROOT = iphoneos;
				TARGETED_DEVICE_FAMILY = "1,2";
				VALIDATE_PRODUCT = YES;
			};
			name = Release;
		};
		4BA8AE8B1D48579C00581437 /* Debug */ = {
			isa = XCBuildConfiguration;
			buildSettings = {
				ASSETCATALOG_COMPILER_APPICON_NAME = AppIcon;
				ASSETCATALOG_COMPILER_LAUNCHIMAGE_NAME = "Brand Assets";
				CODE_SIGN_IDENTITY = "iPhone Developer";
				FRAMEWORK_SEARCH_PATHS = (
					"$(inherited)",
					"$(PROJECT_DIR)",
					"\"$(SRCROOT)/PPTVFileUpload\"",
					"\"$(SRCROOT)/PPUploadFileDemo/Supporting Files\"",
				);
				GCC_PREFIX_HEADER = "";
				HEADER_SEARCH_PATHS = (
					"$(inherited)",
					"$(PROJECT_DIR)",
					"\"$(SRCROOT)/PPTVFileUpload/PPTVFileUpload\"",
					"\"$(SRCROOT)/PPTVFileUpload\"",
					"\"$(SRCROOT)/PPUploadFileDemo/Supporting Files/PPTVFileUpload.framework/Headers\"",
				);
				INFOPLIST_FILE = "$(SRCROOT)/PPUploadFileDemo/Supporting Files/Info.plist";
				IPHONEOS_DEPLOYMENT_TARGET = 7.0;
				LD_RUNPATH_SEARCH_PATHS = "$(inherited) @executable_path/Frameworks";
				LIBRARY_SEARCH_PATHS = "$(inherited)";
				OTHER_LDFLAGS = "";
				PRODUCT_BUNDLE_IDENTIFIER = com.pptv.FileUploadDemo;
				PRODUCT_NAME = "$(TARGET_NAME)";
				PROVISIONING_PROFILE = "";
				USER_HEADER_SEARCH_PATHS = "$(inherited)";
				VALID_ARCHS = "arm64 armv7";
			};
			name = Debug;
		};
		4BA8AE8C1D48579C00581437 /* Release */ = {
			isa = XCBuildConfiguration;
			buildSettings = {
				ASSETCATALOG_COMPILER_APPICON_NAME = AppIcon;
				ASSETCATALOG_COMPILER_LAUNCHIMAGE_NAME = "Brand Assets";
				CODE_SIGN_IDENTITY = "iPhone Developer";
				FRAMEWORK_SEARCH_PATHS = (
					"$(inherited)",
					"$(PROJECT_DIR)",
					"\"$(SRCROOT)/PPTVFileUpload\"",
					"\"$(SRCROOT)/PPUploadFileDemo/Supporting Files\"",
				);
				GCC_PREFIX_HEADER = "";
				HEADER_SEARCH_PATHS = (
					"$(inherited)",
					"$(PROJECT_DIR)",
					"\"$(SRCROOT)/PPTVFileUpload/PPTVFileUpload\"",
					"\"$(SRCROOT)/PPTVFileUpload\"",
					"\"$(SRCROOT)/PPUploadFileDemo/Supporting Files/PPTVFileUpload.framework/Headers\"",
				);
				INFOPLIST_FILE = "$(SRCROOT)/PPUploadFileDemo/Supporting Files/Info.plist";
				IPHONEOS_DEPLOYMENT_TARGET = 7.0;
				LD_RUNPATH_SEARCH_PATHS = "$(inherited) @executable_path/Frameworks";
				LIBRARY_SEARCH_PATHS = "$(inherited)";
				OTHER_LDFLAGS = "";
				PRODUCT_BUNDLE_IDENTIFIER = com.pptv.FileUploadDemo;
				PRODUCT_NAME = "$(TARGET_NAME)";
				PROVISIONING_PROFILE = "";
				USER_HEADER_SEARCH_PATHS = "$(inherited)";
				VALID_ARCHS = "arm64 armv7";
			};
			name = Release;
		};
/* End XCBuildConfiguration section */

/* Begin XCConfigurationList section */
		4BA8AE6E1D48579C00581437 /* Build configuration list for PBXProject "PPUploadFileDemo" */ = {
			isa = XCConfigurationList;
			buildConfigurations = (
				4BA8AE881D48579C00581437 /* Debug */,
				4BA8AE891D48579C00581437 /* Release */,
			);
			defaultConfigurationIsVisible = 0;
			defaultConfigurationName = Release;
		};
		4BA8AE8A1D48579C00581437 /* Build configuration list for PBXNativeTarget "PPUploadFileDemo" */ = {
			isa = XCConfigurationList;
			buildConfigurations = (
				4BA8AE8B1D48579C00581437 /* Debug */,
				4BA8AE8C1D48579C00581437 /* Release */,
			);
			defaultConfigurationIsVisible = 0;
			defaultConfigurationName = Release;
		};
/* End XCConfigurationList section */
	};
	rootObject = 4BA8AE6B1D48579C00581437 /* Project object */;
}
